// !$*UTF8*$!
{
	archiveVersion = 1;
	classes = {
	};
	objectVersion = 56;
	objects = {

/* Begin PBXBuildFile section */
		93C3253529268DC500686E27 /* AppDelegate.swift in Sources */ = {isa = PBXBuildFile; fileRef = 93C3253429268DC500686E27 /* AppDelegate.swift */; };
		93C3253729268DC500686E27 /* SceneDelegate.swift in Sources */ = {isa = PBXBuildFile; fileRef = 93C3253629268DC500686E27 /* SceneDelegate.swift */; };
		93C3253929268DC500686E27 /* ViewController.swift in Sources */ = {isa = PBXBuildFile; fileRef = 93C3253829268DC500686E27 /* ViewController.swift */; };
		93C3253E29268DC600686E27 /* Assets.xcassets in Resources */ = {isa = PBXBuildFile; fileRef = 93C3253D29268DC600686E27 /* Assets.xcassets */; };
		93C3254129268DC600686E27 /* LaunchScreen.storyboard in Resources */ = {isa = PBXBuildFile; fileRef = 93C3253F29268DC600686E27 /* LaunchScreen.storyboard */; };
		93C3254C29268DC600686E27 /* PokedexTests.swift in Sources */ = {isa = PBXBuildFile; fileRef = 93C3254B29268DC600686E27 /* PokedexTests.swift */; };
		93C3255629268DC600686E27 /* PokedexUITests.swift in Sources */ = {isa = PBXBuildFile; fileRef = 93C3255529268DC600686E27 /* PokedexUITests.swift */; };
		93C3255829268DC600686E27 /* PokedexUITestsLaunchTests.swift in Sources */ = {isa = PBXBuildFile; fileRef = 93C3255729268DC600686E27 /* PokedexUITestsLaunchTests.swift */; };
		93C3256C292693D400686E27 /* TrainerVC.swift in Sources */ = {isa = PBXBuildFile; fileRef = 93C3256B292693D400686E27 /* TrainerVC.swift */; };
		93C3256E292AB31B00686E27 /* TextField.swift in Sources */ = {isa = PBXBuildFile; fileRef = 93C3256D292AB31B00686E27 /* TextField.swift */; };
		93C32570292AB40100686E27 /* Button.swift in Sources */ = {isa = PBXBuildFile; fileRef = 93C3256F292AB40100686E27 /* Button.swift */; };
		93C32572292AC77E00686E27 /* PokedexVC.swift in Sources */ = {isa = PBXBuildFile; fileRef = 93C32571292AC77E00686E27 /* PokedexVC.swift */; };
		93C32574292ADD8800686E27 /* Pokemon.swift in Sources */ = {isa = PBXBuildFile; fileRef = 93C32573292ADD8800686E27 /* Pokemon.swift */; };
		93C32577292ADFA000686E27 /* NetworkManager.swift in Sources */ = {isa = PBXBuildFile; fileRef = 93C32576292ADFA000686E27 /* NetworkManager.swift */; };
		93C3257C292B064F00686E27 /* Errors.swift in Sources */ = {isa = PBXBuildFile; fileRef = 93C3257B292B064F00686E27 /* Errors.swift */; };
		93C3257F292C340200686E27 /* Label.swift in Sources */ = {isa = PBXBuildFile; fileRef = 93C3257E292C340200686E27 /* Label.swift */; };
		93C32582292C34F400686E27 /* PokemonCell.swift in Sources */ = {isa = PBXBuildFile; fileRef = 93C32581292C34F400686E27 /* PokemonCell.swift */; };
		93C32585292C365B00686E27 /* Image.swift in Sources */ = {isa = PBXBuildFile; fileRef = 93C32584292C365B00686E27 /* Image.swift */; };
		93C32589292D4CCA00686E27 /* PokemonInfo.swift in Sources */ = {isa = PBXBuildFile; fileRef = 93C32588292D4CCA00686E27 /* PokemonInfo.swift */; };
		93C3258B292D4D6F00686E27 /* PokemonSprite.swift in Sources */ = {isa = PBXBuildFile; fileRef = 93C3258A292D4D6F00686E27 /* PokemonSprite.swift */; };
		93C3258D292D920300686E27 /* PokemonInfoVC.swift in Sources */ = {isa = PBXBuildFile; fileRef = 93C3258C292D920200686E27 /* PokemonInfoVC.swift */; };
/* End PBXBuildFile section */

/* Begin PBXContainerItemProxy section */
		93C3254829268DC600686E27 /* PBXContainerItemProxy */ = {
			isa = PBXContainerItemProxy;
			containerPortal = 93C3252929268DC500686E27 /* Project object */;
			proxyType = 1;
			remoteGlobalIDString = 93C3253029268DC500686E27;
			remoteInfo = Pokedex;
		};
		93C3255229268DC600686E27 /* PBXContainerItemProxy */ = {
			isa = PBXContainerItemProxy;
			containerPortal = 93C3252929268DC500686E27 /* Project object */;
			proxyType = 1;
			remoteGlobalIDString = 93C3253029268DC500686E27;
			remoteInfo = Pokedex;
		};
/* End PBXContainerItemProxy section */

/* Begin PBXFileReference section */
		93C3253129268DC500686E27 /* Pokedex.app */ = {isa = PBXFileReference; explicitFileType = wrapper.application; includeInIndex = 0; path = Pokedex.app; sourceTree = BUILT_PRODUCTS_DIR; };
		93C3253429268DC500686E27 /* AppDelegate.swift */ = {isa = PBXFileReference; lastKnownFileType = sourcecode.swift; path = AppDelegate.swift; sourceTree = "<group>"; };
		93C3253629268DC500686E27 /* SceneDelegate.swift */ = {isa = PBXFileReference; lastKnownFileType = sourcecode.swift; path = SceneDelegate.swift; sourceTree = "<group>"; };
		93C3253829268DC500686E27 /* ViewController.swift */ = {isa = PBXFileReference; lastKnownFileType = sourcecode.swift; path = ViewController.swift; sourceTree = "<group>"; };
		93C3253D29268DC600686E27 /* Assets.xcassets */ = {isa = PBXFileReference; lastKnownFileType = folder.assetcatalog; path = Assets.xcassets; sourceTree = "<group>"; };
		93C3254029268DC600686E27 /* Base */ = {isa = PBXFileReference; lastKnownFileType = file.storyboard; name = Base; path = Base.lproj/LaunchScreen.storyboard; sourceTree = "<group>"; };
		93C3254229268DC600686E27 /* Info.plist */ = {isa = PBXFileReference; lastKnownFileType = text.plist.xml; path = Info.plist; sourceTree = "<group>"; };
		93C3254729268DC600686E27 /* PokedexTests.xctest */ = {isa = PBXFileReference; explicitFileType = wrapper.cfbundle; includeInIndex = 0; path = PokedexTests.xctest; sourceTree = BUILT_PRODUCTS_DIR; };
		93C3254B29268DC600686E27 /* PokedexTests.swift */ = {isa = PBXFileReference; lastKnownFileType = sourcecode.swift; path = PokedexTests.swift; sourceTree = "<group>"; };
		93C3255129268DC600686E27 /* PokedexUITests.xctest */ = {isa = PBXFileReference; explicitFileType = wrapper.cfbundle; includeInIndex = 0; path = PokedexUITests.xctest; sourceTree = BUILT_PRODUCTS_DIR; };
		93C3255529268DC600686E27 /* PokedexUITests.swift */ = {isa = PBXFileReference; lastKnownFileType = sourcecode.swift; path = PokedexUITests.swift; sourceTree = "<group>"; };
		93C3255729268DC600686E27 /* PokedexUITestsLaunchTests.swift */ = {isa = PBXFileReference; lastKnownFileType = sourcecode.swift; path = PokedexUITestsLaunchTests.swift; sourceTree = "<group>"; };
		93C3256B292693D400686E27 /* TrainerVC.swift */ = {isa = PBXFileReference; lastKnownFileType = sourcecode.swift; path = TrainerVC.swift; sourceTree = "<group>"; };
		93C3256D292AB31B00686E27 /* TextField.swift */ = {isa = PBXFileReference; lastKnownFileType = sourcecode.swift; path = TextField.swift; sourceTree = "<group>"; };
		93C3256F292AB40100686E27 /* Button.swift */ = {isa = PBXFileReference; lastKnownFileType = sourcecode.swift; path = Button.swift; sourceTree = "<group>"; };
		93C32571292AC77E00686E27 /* PokedexVC.swift */ = {isa = PBXFileReference; lastKnownFileType = sourcecode.swift; path = PokedexVC.swift; sourceTree = "<group>"; };
		93C32573292ADD8800686E27 /* Pokemon.swift */ = {isa = PBXFileReference; lastKnownFileType = sourcecode.swift; path = Pokemon.swift; sourceTree = "<group>"; };
		93C32576292ADFA000686E27 /* NetworkManager.swift */ = {isa = PBXFileReference; lastKnownFileType = sourcecode.swift; path = NetworkManager.swift; sourceTree = "<group>"; };
		93C3257B292B064F00686E27 /* Errors.swift */ = {isa = PBXFileReference; lastKnownFileType = sourcecode.swift; path = Errors.swift; sourceTree = "<group>"; };
		93C3257E292C340200686E27 /* Label.swift */ = {isa = PBXFileReference; lastKnownFileType = sourcecode.swift; path = Label.swift; sourceTree = "<group>"; };
		93C32581292C34F400686E27 /* PokemonCell.swift */ = {isa = PBXFileReference; lastKnownFileType = sourcecode.swift; path = PokemonCell.swift; sourceTree = "<group>"; };
		93C32584292C365B00686E27 /* Image.swift */ = {isa = PBXFileReference; lastKnownFileType = sourcecode.swift; path = Image.swift; sourceTree = "<group>"; };
		93C32588292D4CCA00686E27 /* PokemonInfo.swift */ = {isa = PBXFileReference; lastKnownFileType = sourcecode.swift; path = PokemonInfo.swift; sourceTree = "<group>"; };
		93C3258A292D4D6F00686E27 /* PokemonSprite.swift */ = {isa = PBXFileReference; lastKnownFileType = sourcecode.swift; path = PokemonSprite.swift; sourceTree = "<group>"; };
		93C3258C292D920200686E27 /* PokemonInfoVC.swift */ = {isa = PBXFileReference; lastKnownFileType = sourcecode.swift; path = PokemonInfoVC.swift; sourceTree = "<group>"; };
/* End PBXFileReference section */

/* Begin PBXFrameworksBuildPhase section */
		93C3252E29268DC500686E27 /* Frameworks */ = {
			isa = PBXFrameworksBuildPhase;
			buildActionMask = 2147483647;
			files = (
			);
			runOnlyForDeploymentPostprocessing = 0;
		};
		93C3254429268DC600686E27 /* Frameworks */ = {
			isa = PBXFrameworksBuildPhase;
			buildActionMask = 2147483647;
			files = (
			);
			runOnlyForDeploymentPostprocessing = 0;
		};
		93C3254E29268DC600686E27 /* Frameworks */ = {
			isa = PBXFrameworksBuildPhase;
			buildActionMask = 2147483647;
			files = (
			);
			runOnlyForDeploymentPostprocessing = 0;
		};
/* End PBXFrameworksBuildPhase section */

/* Begin PBXGroup section */
		93C3252829268DC500686E27 = {
			isa = PBXGroup;
			children = (
				93C3253329268DC500686E27 /* Pokedex */,
				93C3254A29268DC600686E27 /* PokedexTests */,
				93C3255429268DC600686E27 /* PokedexUITests */,
				93C3253229268DC500686E27 /* Products */,
			);
			sourceTree = "<group>";
		};
		93C3253229268DC500686E27 /* Products */ = {
			isa = PBXGroup;
			children = (
				93C3253129268DC500686E27 /* Pokedex.app */,
				93C3254729268DC600686E27 /* PokedexTests.xctest */,
				93C3255129268DC600686E27 /* PokedexUITests.xctest */,
			);
			name = Products;
			sourceTree = "<group>";
		};
		93C3253329268DC500686E27 /* Pokedex */ = {
			isa = PBXGroup;
			children = (
				93C32583292C363C00686E27 /* ImageViews */,
				93C32580292C34D800686E27 /* Cells */,
				93C3257D292C33E700686E27 /* Labels */,
				93C32578292B04F300686E27 /* Utilities */,
				93C32575292ADF8600686E27 /* Managers */,
				93C3256629268EC500686E27 /* Controller */,
				93C3256529268EC000686E27 /* View */,
				93C3256429268EB900686E27 /* Model */,
				93C3253429268DC500686E27 /* AppDelegate.swift */,
				93C3253629268DC500686E27 /* SceneDelegate.swift */,
				93C3253829268DC500686E27 /* ViewController.swift */,
				93C3253D29268DC600686E27 /* Assets.xcassets */,
				93C3253F29268DC600686E27 /* LaunchScreen.storyboard */,
				93C3254229268DC600686E27 /* Info.plist */,
			);
			path = Pokedex;
			sourceTree = "<group>";
		};
		93C3254A29268DC600686E27 /* PokedexTests */ = {
			isa = PBXGroup;
			children = (
				93C3254B29268DC600686E27 /* PokedexTests.swift */,
			);
			path = PokedexTests;
			sourceTree = "<group>";
		};
		93C3255429268DC600686E27 /* PokedexUITests */ = {
			isa = PBXGroup;
			children = (
				93C3255529268DC600686E27 /* PokedexUITests.swift */,
				93C3255729268DC600686E27 /* PokedexUITestsLaunchTests.swift */,
			);
			path = PokedexUITests;
			sourceTree = "<group>";
		};
		93C3256429268EB900686E27 /* Model */ = {
			isa = PBXGroup;
			children = (
				93C32573292ADD8800686E27 /* Pokemon.swift */,
				93C32588292D4CCA00686E27 /* PokemonInfo.swift */,
				93C3258A292D4D6F00686E27 /* PokemonSprite.swift */,
			);
			path = Model;
			sourceTree = "<group>";
		};
		93C3256529268EC000686E27 /* View */ = {
			isa = PBXGroup;
			children = (
				93C3256D292AB31B00686E27 /* TextField.swift */,
				93C3256F292AB40100686E27 /* Button.swift */,
			);
			path = View;
			sourceTree = "<group>";
		};
		93C3256629268EC500686E27 /* Controller */ = {
			isa = PBXGroup;
			children = (
				93C3256B292693D400686E27 /* TrainerVC.swift */,
				93C32571292AC77E00686E27 /* PokedexVC.swift */,
				93C3258C292D920200686E27 /* PokemonInfoVC.swift */,
			);
			path = Controller;
			sourceTree = "<group>";
		};
		93C32575292ADF8600686E27 /* Managers */ = {
			isa = PBXGroup;
			children = (
				93C32576292ADFA000686E27 /* NetworkManager.swift */,
			);
			path = Managers;
			sourceTree = "<group>";
		};
		93C32578292B04F300686E27 /* Utilities */ = {
			isa = PBXGroup;
			children = (
				93C3257B292B064F00686E27 /* Errors.swift */,
			);
			path = Utilities;
			sourceTree = "<group>";
		};
		93C3257D292C33E700686E27 /* Labels */ = {
			isa = PBXGroup;
			children = (
				93C3257E292C340200686E27 /* Label.swift */,
			);
			path = Labels;
			sourceTree = "<group>";
		};
		93C32580292C34D800686E27 /* Cells */ = {
			isa = PBXGroup;
			children = (
				93C32581292C34F400686E27 /* PokemonCell.swift */,
			);
			path = Cells;
			sourceTree = "<group>";
		};
		93C32583292C363C00686E27 /* ImageViews */ = {
			isa = PBXGroup;
			children = (
				93C32584292C365B00686E27 /* Image.swift */,
			);
			path = ImageViews;
			sourceTree = "<group>";
		};
/* End PBXGroup section */

/* Begin PBXNativeTarget section */
		93C3253029268DC500686E27 /* Pokedex */ = {
			isa = PBXNativeTarget;
			buildConfigurationList = 93C3255B29268DC600686E27 /* Build configuration list for PBXNativeTarget "Pokedex" */;
			buildPhases = (
				93C3252D29268DC500686E27 /* Sources */,
				93C3252E29268DC500686E27 /* Frameworks */,
				93C3252F29268DC500686E27 /* Resources */,
			);
			buildRules = (
			);
			dependencies = (
			);
			name = Pokedex;
			productName = Pokedex;
			productReference = 93C3253129268DC500686E27 /* Pokedex.app */;
			productType = "com.apple.product-type.application";
		};
		93C3254629268DC600686E27 /* PokedexTests */ = {
			isa = PBXNativeTarget;
			buildConfigurationList = 93C3255E29268DC600686E27 /* Build configuration list for PBXNativeTarget "PokedexTests" */;
			buildPhases = (
				93C3254329268DC600686E27 /* Sources */,
				93C3254429268DC600686E27 /* Frameworks */,
				93C3254529268DC600686E27 /* Resources */,
			);
			buildRules = (
			);
			dependencies = (
				93C3254929268DC600686E27 /* PBXTargetDependency */,
			);
			name = PokedexTests;
			productName = PokedexTests;
			productReference = 93C3254729268DC600686E27 /* PokedexTests.xctest */;
			productType = "com.apple.product-type.bundle.unit-test";
		};
		93C3255029268DC600686E27 /* PokedexUITests */ = {
			isa = PBXNativeTarget;
			buildConfigurationList = 93C3256129268DC600686E27 /* Build configuration list for PBXNativeTarget "PokedexUITests" */;
			buildPhases = (
				93C3254D29268DC600686E27 /* Sources */,
				93C3254E29268DC600686E27 /* Frameworks */,
				93C3254F29268DC600686E27 /* Resources */,
			);
			buildRules = (
			);
			dependencies = (
				93C3255329268DC600686E27 /* PBXTargetDependency */,
			);
			name = PokedexUITests;
			productName = PokedexUITests;
			productReference = 93C3255129268DC600686E27 /* PokedexUITests.xctest */;
			productType = "com.apple.product-type.bundle.ui-testing";
		};
/* End PBXNativeTarget section */

/* Begin PBXProject section */
		93C3252929268DC500686E27 /* Project object */ = {
			isa = PBXProject;
			attributes = {
				BuildIndependentTargetsInParallel = 1;
				LastSwiftUpdateCheck = 1400;
				LastUpgradeCheck = 1400;
				TargetAttributes = {
					93C3253029268DC500686E27 = {
						CreatedOnToolsVersion = 14.0.1;
					};
					93C3254629268DC600686E27 = {
						CreatedOnToolsVersion = 14.0.1;
						TestTargetID = 93C3253029268DC500686E27;
					};
					93C3255029268DC600686E27 = {
						CreatedOnToolsVersion = 14.0.1;
						TestTargetID = 93C3253029268DC500686E27;
					};
				};
			};
			buildConfigurationList = 93C3252C29268DC500686E27 /* Build configuration list for PBXProject "Pokedex" */;
			compatibilityVersion = "Xcode 14.0";
			developmentRegion = en;
			hasScannedForEncodings = 0;
			knownRegions = (
				en,
				Base,
			);
			mainGroup = 93C3252829268DC500686E27;
			productRefGroup = 93C3253229268DC500686E27 /* Products */;
			projectDirPath = "";
			projectRoot = "";
			targets = (
				93C3253029268DC500686E27 /* Pokedex */,
				93C3254629268DC600686E27 /* PokedexTests */,
				93C3255029268DC600686E27 /* PokedexUITests */,
			);
		};
/* End PBXProject section */

/* Begin PBXResourcesBuildPhase section */
		93C3252F29268DC500686E27 /* Resources */ = {
			isa = PBXResourcesBuildPhase;
			buildActionMask = 2147483647;
			files = (
				93C3254129268DC600686E27 /* LaunchScreen.storyboard in Resources */,
				93C3253E29268DC600686E27 /* Assets.xcassets in Resources */,
			);
			runOnlyForDeploymentPostprocessing = 0;
		};
		93C3254529268DC600686E27 /* Resources */ = {
			isa = PBXResourcesBuildPhase;
			buildActionMask = 2147483647;
			files = (
			);
			runOnlyForDeploymentPostprocessing = 0;
		};
		93C3254F29268DC600686E27 /* Resources */ = {
			isa = PBXResourcesBuildPhase;
			buildActionMask = 2147483647;
			files = (
			);
			runOnlyForDeploymentPostprocessing = 0;
		};
/* End PBXResourcesBuildPhase section */

/* Begin PBXSourcesBuildPhase section */
		93C3252D29268DC500686E27 /* Sources */ = {
			isa = PBXSourcesBuildPhase;
			buildActionMask = 2147483647;
			files = (
				93C32577292ADFA000686E27 /* NetworkManager.swift in Sources */,
				93C32570292AB40100686E27 /* Button.swift in Sources */,
				93C32574292ADD8800686E27 /* Pokemon.swift in Sources */,
				93C3253929268DC500686E27 /* ViewController.swift in Sources */,
				93C3257F292C340200686E27 /* Label.swift in Sources */,
				93C32582292C34F400686E27 /* PokemonCell.swift in Sources */,
				93C32585292C365B00686E27 /* Image.swift in Sources */,
				93C3256C292693D400686E27 /* TrainerVC.swift in Sources */,
				93C32572292AC77E00686E27 /* PokedexVC.swift in Sources */,
				93C3257C292B064F00686E27 /* Errors.swift in Sources */,
				93C3256E292AB31B00686E27 /* TextField.swift in Sources */,
				93C3258B292D4D6F00686E27 /* PokemonSprite.swift in Sources */,
				93C3258D292D920300686E27 /* PokemonInfoVC.swift in Sources */,
				93C3253529268DC500686E27 /* AppDelegate.swift in Sources */,
				93C3253729268DC500686E27 /* SceneDelegate.swift in Sources */,
				93C32589292D4CCA00686E27 /* PokemonInfo.swift in Sources */,
			);
			runOnlyForDeploymentPostprocessing = 0;
		};
		93C3254329268DC600686E27 /* Sources */ = {
			isa = PBXSourcesBuildPhase;
			buildActionMask = 2147483647;
			files = (
				93C3254C29268DC600686E27 /* PokedexTests.swift in Sources */,
			);
			runOnlyForDeploymentPostprocessing = 0;
		};
		93C3254D29268DC600686E27 /* Sources */ = {
			isa = PBXSourcesBuildPhase;
			buildActionMask = 2147483647;
			files = (
				93C3255629268DC600686E27 /* PokedexUITests.swift in Sources */,
				93C3255829268DC600686E27 /* PokedexUITestsLaunchTests.swift in Sources */,
			);
			runOnlyForDeploymentPostprocessing = 0;
		};
/* End PBXSourcesBuildPhase section */

/* Begin PBXTargetDependency section */
		93C3254929268DC600686E27 /* PBXTargetDependency */ = {
			isa = PBXTargetDependency;
			target = 93C3253029268DC500686E27 /* Pokedex */;
			targetProxy = 93C3254829268DC600686E27 /* PBXContainerItemProxy */;
		};
		93C3255329268DC600686E27 /* PBXTargetDependency */ = {
			isa = PBXTargetDependency;
			target = 93C3253029268DC500686E27 /* Pokedex */;
			targetProxy = 93C3255229268DC600686E27 /* PBXContainerItemProxy */;
		};
/* End PBXTargetDependency section */

/* Begin PBXVariantGroup section */
		93C3253F29268DC600686E27 /* LaunchScreen.storyboard */ = {
			isa = PBXVariantGroup;
			children = (
				93C3254029268DC600686E27 /* Base */,
			);
			name = LaunchScreen.storyboard;
			sourceTree = "<group>";
		};
/* End PBXVariantGroup section */

/* Begin XCBuildConfiguration section */
		93C3255929268DC600686E27 /* Debug */ = {
			isa = XCBuildConfiguration;
			buildSettings = {
				ALWAYS_SEARCH_USER_PATHS = NO;
				CLANG_ANALYZER_NONNULL = YES;
				CLANG_ANALYZER_NUMBER_OBJECT_CONVERSION = YES_AGGRESSIVE;
				CLANG_CXX_LANGUAGE_STANDARD = "gnu++20";
				CLANG_ENABLE_MODULES = YES;
				CLANG_ENABLE_OBJC_ARC = YES;
				CLANG_ENABLE_OBJC_WEAK = YES;
				CLANG_WARN_BLOCK_CAPTURE_AUTORELEASING = YES;
				CLANG_WARN_BOOL_CONVERSION = YES;
				CLANG_WARN_COMMA = YES;
				CLANG_WARN_CONSTANT_CONVERSION = YES;
				CLANG_WARN_DEPRECATED_OBJC_IMPLEMENTATIONS = YES;
				CLANG_WARN_DIRECT_OBJC_ISA_USAGE = YES_ERROR;
				CLANG_WARN_DOCUMENTATION_COMMENTS = YES;
				CLANG_WARN_EMPTY_BODY = YES;
				CLANG_WARN_ENUM_CONVERSION = YES;
				CLANG_WARN_INFINITE_RECURSION = YES;
				CLANG_WARN_INT_CONVERSION = YES;
				CLANG_WARN_NON_LITERAL_NULL_CONVERSION = YES;
				CLANG_WARN_OBJC_IMPLICIT_RETAIN_SELF = YES;
				CLANG_WARN_OBJC_LITERAL_CONVERSION = YES;
				CLANG_WARN_OBJC_ROOT_CLASS = YES_ERROR;
				CLANG_WARN_QUOTED_INCLUDE_IN_FRAMEWORK_HEADER = YES;
				CLANG_WARN_RANGE_LOOP_ANALYSIS = YES;
				CLANG_WARN_STRICT_PROTOTYPES = YES;
				CLANG_WARN_SUSPICIOUS_MOVE = YES;
				CLANG_WARN_UNGUARDED_AVAILABILITY = YES_AGGRESSIVE;
				CLANG_WARN_UNREACHABLE_CODE = YES;
				CLANG_WARN__DUPLICATE_METHOD_MATCH = YES;
				COPY_PHASE_STRIP = NO;
				DEBUG_INFORMATION_FORMAT = dwarf;
				ENABLE_STRICT_OBJC_MSGSEND = YES;
				ENABLE_TESTABILITY = YES;
				GCC_C_LANGUAGE_STANDARD = gnu11;
				GCC_DYNAMIC_NO_PIC = NO;
				GCC_NO_COMMON_BLOCKS = YES;
				GCC_OPTIMIZATION_LEVEL = 0;
				GCC_PREPROCESSOR_DEFINITIONS = (
					"DEBUG=1",
					"$(inherited)",
				);
				GCC_WARN_64_TO_32_BIT_CONVERSION = YES;
				GCC_WARN_ABOUT_RETURN_TYPE = YES_ERROR;
				GCC_WARN_UNDECLARED_SELECTOR = YES;
				GCC_WARN_UNINITIALIZED_AUTOS = YES_AGGRESSIVE;
				GCC_WARN_UNUSED_FUNCTION = YES;
				GCC_WARN_UNUSED_VARIABLE = YES;
				IPHONEOS_DEPLOYMENT_TARGET = 16.0;
				MTL_ENABLE_DEBUG_INFO = INCLUDE_SOURCE;
				MTL_FAST_MATH = YES;
				ONLY_ACTIVE_ARCH = YES;
				SDKROOT = iphoneos;
				SWIFT_ACTIVE_COMPILATION_CONDITIONS = DEBUG;
				SWIFT_OPTIMIZATION_LEVEL = "-Onone";
			};
			name = Debug;
		};
		93C3255A29268DC600686E27 /* Release */ = {
			isa = XCBuildConfiguration;
			buildSettings = {
				ALWAYS_SEARCH_USER_PATHS = NO;
				CLANG_ANALYZER_NONNULL = YES;
				CLANG_ANALYZER_NUMBER_OBJECT_CONVERSION = YES_AGGRESSIVE;
				CLANG_CXX_LANGUAGE_STANDARD = "gnu++20";
				CLANG_ENABLE_MODULES = YES;
				CLANG_ENABLE_OBJC_ARC = YES;
				CLANG_ENABLE_OBJC_WEAK = YES;
				CLANG_WARN_BLOCK_CAPTURE_AUTORELEASING = YES;
				CLANG_WARN_BOOL_CONVERSION = YES;
				CLANG_WARN_COMMA = YES;
				CLANG_WARN_CONSTANT_CONVERSION = YES;
				CLANG_WARN_DEPRECATED_OBJC_IMPLEMENTATIONS = YES;
				CLANG_WARN_DIRECT_OBJC_ISA_USAGE = YES_ERROR;
				CLANG_WARN_DOCUMENTATION_COMMENTS = YES;
				CLANG_WARN_EMPTY_BODY = YES;
				CLANG_WARN_ENUM_CONVERSION = YES;
				CLANG_WARN_INFINITE_RECURSION = YES;
				CLANG_WARN_INT_CONVERSION = YES;
				CLANG_WARN_NON_LITERAL_NULL_CONVERSION = YES;
				CLANG_WARN_OBJC_IMPLICIT_RETAIN_SELF = YES;
				CLANG_WARN_OBJC_LITERAL_CONVERSION = YES;
				CLANG_WARN_OBJC_ROOT_CLASS = YES_ERROR;
				CLANG_WARN_QUOTED_INCLUDE_IN_FRAMEWORK_HEADER = YES;
				CLANG_WARN_RANGE_LOOP_ANALYSIS = YES;
				CLANG_WARN_STRICT_PROTOTYPES = YES;
				CLANG_WARN_SUSPICIOUS_MOVE = YES;
				CLANG_WARN_UNGUARDED_AVAILABILITY = YES_AGGRESSIVE;
				CLANG_WARN_UNREACHABLE_CODE = YES;
				CLANG_WARN__DUPLICATE_METHOD_MATCH = YES;
				COPY_PHASE_STRIP = NO;
				DEBUG_INFORMATION_FORMAT = "dwarf-with-dsym";
				ENABLE_NS_ASSERTIONS = NO;
				ENABLE_STRICT_OBJC_MSGSEND = YES;
				GCC_C_LANGUAGE_STANDARD = gnu11;
				GCC_NO_COMMON_BLOCKS = YES;
				GCC_WARN_64_TO_32_BIT_CONVERSION = YES;
				GCC_WARN_ABOUT_RETURN_TYPE = YES_ERROR;
				GCC_WARN_UNDECLARED_SELECTOR = YES;
				GCC_WARN_UNINITIALIZED_AUTOS = YES_AGGRESSIVE;
				GCC_WARN_UNUSED_FUNCTION = YES;
				GCC_WARN_UNUSED_VARIABLE = YES;
				IPHONEOS_DEPLOYMENT_TARGET = 16.0;
				MTL_ENABLE_DEBUG_INFO = NO;
				MTL_FAST_MATH = YES;
				SDKROOT = iphoneos;
				SWIFT_COMPILATION_MODE = wholemodule;
				SWIFT_OPTIMIZATION_LEVEL = "-O";
				VALIDATE_PRODUCT = YES;
			};
			name = Release;
		};
		93C3255C29268DC600686E27 /* Debug */ = {
			isa = XCBuildConfiguration;
			buildSettings = {
				ASSETCATALOG_COMPILER_APPICON_NAME = AppIcon;
				ASSETCATALOG_COMPILER_GLOBAL_ACCENT_COLOR_NAME = AccentColor;
				CODE_SIGN_STYLE = Automatic;
				CURRENT_PROJECT_VERSION = 1;
				GENERATE_INFOPLIST_FILE = YES;
				INFOPLIST_FILE = Pokedex/Info.plist;
				INFOPLIST_KEY_UIApplicationSupportsIndirectInputEvents = YES;
				INFOPLIST_KEY_UILaunchStoryboardName = LaunchScreen;
				INFOPLIST_KEY_UISupportedInterfaceOrientations_iPad = "UIInterfaceOrientationPortrait UIInterfaceOrientationPortraitUpsideDown UIInterfaceOrientationLandscapeLeft UIInterfaceOrientationLandscapeRight";
				INFOPLIST_KEY_UISupportedInterfaceOrientations_iPhone = "UIInterfaceOrientationPortrait UIInterfaceOrientationLandscapeLeft UIInterfaceOrientationLandscapeRight";
				LD_RUNPATH_SEARCH_PATHS = (
					"$(inherited)",
					"@executable_path/Frameworks",
				);
				MARKETING_VERSION = 1.0;
				PRODUCT_BUNDLE_IDENTIFIER = Patar.Pokedex;
				PRODUCT_NAME = "$(TARGET_NAME)";
				SWIFT_EMIT_LOC_STRINGS = YES;
				SWIFT_VERSION = 5.0;
				TARGETED_DEVICE_FAMILY = "1,2";
			};
			name = Debug;
		};
		93C3255D29268DC600686E27 /* Release */ = {
			isa = XCBuildConfiguration;
			buildSettings = {
				ASSETCATALOG_COMPILER_APPICON_NAME = AppIcon;
				ASSETCATALOG_COMPILER_GLOBAL_ACCENT_COLOR_NAME = AccentColor;
				CODE_SIGN_STYLE = Automatic;
				CURRENT_PROJECT_VERSION = 1;
				GENERATE_INFOPLIST_FILE = YES;
				INFOPLIST_FILE = Pokedex/Info.plist;
				INFOPLIST_KEY_UIApplicationSupportsIndirectInputEvents = YES;
				INFOPLIST_KEY_UILaunchStoryboardName = LaunchScreen;
				INFOPLIST_KEY_UISupportedInterfaceOrientations_iPad = "UIInterfaceOrientationPortrait UIInterfaceOrientationPortraitUpsideDown UIInterfaceOrientationLandscapeLeft UIInterfaceOrientationLandscapeRight";
				INFOPLIST_KEY_UISupportedInterfaceOrientations_iPhone = "UIInterfaceOrientationPortrait UIInterfaceOrientationLandscapeLeft UIInterfaceOrientationLandscapeRight";
				LD_RUNPATH_SEARCH_PATHS = (
					"$(inherited)",
					"@executable_path/Frameworks",
				);
				MARKETING_VERSION = 1.0;
				PRODUCT_BUNDLE_IDENTIFIER = Patar.Pokedex;
				PRODUCT_NAME = "$(TARGET_NAME)";
				SWIFT_EMIT_LOC_STRINGS = YES;
				SWIFT_VERSION = 5.0;
				TARGETED_DEVICE_FAMILY = "1,2";
			};
			name = Release;
		};
		93C3255F29268DC600686E27 /* Debug */ = {
			isa = XCBuildConfiguration;
			buildSettings = {
				ALWAYS_EMBED_SWIFT_STANDARD_LIBRARIES = YES;
				BUNDLE_LOADER = "$(TEST_HOST)";
				CODE_SIGN_STYLE = Automatic;
				CURRENT_PROJECT_VERSION = 1;
				GENERATE_INFOPLIST_FILE = YES;
				IPHONEOS_DEPLOYMENT_TARGET = 16.0;
				MARKETING_VERSION = 1.0;
				PRODUCT_BUNDLE_IDENTIFIER = Patar.PokedexTests;
				PRODUCT_NAME = "$(TARGET_NAME)";
				SWIFT_EMIT_LOC_STRINGS = NO;
				SWIFT_VERSION = 5.0;
				TARGETED_DEVICE_FAMILY = "1,2";
				TEST_HOST = "$(BUILT_PRODUCTS_DIR)/Pokedex.app/$(BUNDLE_EXECUTABLE_FOLDER_PATH)/Pokedex";
			};
			name = Debug;
		};
		93C3256029268DC600686E27 /* Release */ = {
			isa = XCBuildConfiguration;
			buildSettings = {
				ALWAYS_EMBED_SWIFT_STANDARD_LIBRARIES = YES;
				BUNDLE_LOADER = "$(TEST_HOST)";
				CODE_SIGN_STYLE = Automatic;
				CURRENT_PROJECT_VERSION = 1;
				GENERATE_INFOPLIST_FILE = YES;
				IPHONEOS_DEPLOYMENT_TARGET = 16.0;
				MARKETING_VERSION = 1.0;
				PRODUCT_BUNDLE_IDENTIFIER = Patar.PokedexTests;
				PRODUCT_NAME = "$(TARGET_NAME)";
				SWIFT_EMIT_LOC_STRINGS = NO;
				SWIFT_VERSION = 5.0;
				TARGETED_DEVICE_FAMILY = "1,2";
				TEST_HOST = "$(BUILT_PRODUCTS_DIR)/Pokedex.app/$(BUNDLE_EXECUTABLE_FOLDER_PATH)/Pokedex";
			};
			name = Release;
		};
		93C3256229268DC600686E27 /* Debug */ = {
			isa = XCBuildConfiguration;
			buildSettings = {
				ALWAYS_EMBED_SWIFT_STANDARD_LIBRARIES = YES;
				CODE_SIGN_STYLE = Automatic;
				CURRENT_PROJECT_VERSION = 1;
				GENERATE_INFOPLIST_FILE = YES;
				MARKETING_VERSION = 1.0;
				PRODUCT_BUNDLE_IDENTIFIER = Patar.PokedexUITests;
				PRODUCT_NAME = "$(TARGET_NAME)";
				SWIFT_EMIT_LOC_STRINGS = NO;
				SWIFT_VERSION = 5.0;
				TARGETED_DEVICE_FAMILY = "1,2";
				TEST_TARGET_NAME = Pokedex;
			};
			name = Debug;
		};
		93C3256329268DC600686E27 /* Release */ = {
			isa = XCBuildConfiguration;
			buildSettings = {
				ALWAYS_EMBED_SWIFT_STANDARD_LIBRARIES = YES;
				CODE_SIGN_STYLE = Automatic;
				CURRENT_PROJECT_VERSION = 1;
				GENERATE_INFOPLIST_FILE = YES;
				MARKETING_VERSION = 1.0;
				PRODUCT_BUNDLE_IDENTIFIER = Patar.PokedexUITests;
				PRODUCT_NAME = "$(TARGET_NAME)";
				SWIFT_EMIT_LOC_STRINGS = NO;
				SWIFT_VERSION = 5.0;
				TARGETED_DEVICE_FAMILY = "1,2";
				TEST_TARGET_NAME = Pokedex;
			};
			name = Release;
		};
/* End XCBuildConfiguration section */

/* Begin XCConfigurationList section */
		93C3252C29268DC500686E27 /* Build configuration list for PBXProject "Pokedex" */ = {
			isa = XCConfigurationList;
			buildConfigurations = (
				93C3255929268DC600686E27 /* Debug */,
				93C3255A29268DC600686E27 /* Release */,
			);
			defaultConfigurationIsVisible = 0;
			defaultConfigurationName = Release;
		};
		93C3255B29268DC600686E27 /* Build configuration list for PBXNativeTarget "Pokedex" */ = {
			isa = XCConfigurationList;
			buildConfigurations = (
				93C3255C29268DC600686E27 /* Debug */,
				93C3255D29268DC600686E27 /* Release */,
			);
			defaultConfigurationIsVisible = 0;
			defaultConfigurationName = Release;
		};
		93C3255E29268DC600686E27 /* Build configuration list for PBXNativeTarget "PokedexTests" */ = {
			isa = XCConfigurationList;
			buildConfigurations = (
				93C3255F29268DC600686E27 /* Debug */,
				93C3256029268DC600686E27 /* Release */,
			);
			defaultConfigurationIsVisible = 0;
			defaultConfigurationName = Release;
		};
		93C3256129268DC600686E27 /* Build configuration list for PBXNativeTarget "PokedexUITests" */ = {
			isa = XCConfigurationList;
			buildConfigurations = (
				93C3256229268DC600686E27 /* Debug */,
				93C3256329268DC600686E27 /* Release */,
			);
			defaultConfigurationIsVisible = 0;
			defaultConfigurationName = Release;
		};
/* End XCConfigurationList section */
	};
	rootObject = 93C3252929268DC500686E27 /* Project object */;
}
